
Microsoft Visual Studio Solution File, Format Version 12.00
# Visual Studio 15
VisualStudioVersion = 15.0.27428.2011
MinimumVisualStudioVersion = 10.0.40219.1
Project("{8BC9CEB8-8B4A-11D0-8D11-00A0C91BC942}") = "day26_斐波那契数变体", "day26_斐波那契数变体\day26_斐波那契数变体.vcxproj", "{64A405D0-39DE-4E00-803F-7C083D8DD445}"
EndProject
Global
	GlobalSection(SolutionConfigurationPlatforms) = preSolution
		Debug|x64 = Debug|x64
		Debug|x86 = Debug|x86
		Release|x64 = Release|x64
		Release|x86 = Release|x86
	EndGlobalSection
	GlobalSection(ProjectConfigurationPlatforms) = postSolution
		{64A405D0-39DE-4E00-803F-7C083D8DD445}.Debug|x64.ActiveCfg = Debug|x64
		{64A405D0-39DE-4E00-803F-7C083D8DD445}.Debug|x64.Build.0 = Debug|x64
		{64A405D0-39DE-4E00-803F-7C083D8DD445}.Debug|x86.ActiveCfg = Debug|Win32
		{64A405D0-39DE-4E00-803F-7C083D8DD445}.Debug|x86.Build.0 = Debug|Win32
		{64A405D0-39DE-4E00-803F-7C083D8DD445}.Release|x64.ActiveCfg = Release|x64
		{64A405D0-39DE-4E00-803F-7C083D8DD445}.Release|x64.Build.0 = Release|x64
		{64A405D0-39DE-4E00-803F-7C083D8DD445}.Release|x86.ActiveCfg = Release|Win32
		{64A405D0-39DE-4E00-803F-7C083D8DD445}.Release|x86.Build.0 = Release|Win32
	EndGlobalSection
	GlobalSection(SolutionProperties) = preSolution
		HideSolutionNode = FALSE
	EndGlobalSection
	GlobalSection(ExtensibilityGlobals) = postSolution
		SolutionGuid = {0F0441FF-AD5F-408E-A47E-84048F41809C}
	EndGlobalSection
EndGlobal
